// !$*UTF8*$!
{
	archiveVersion = 1;
	classes = {
	};
	objectVersion = 46;
	objects = {

/* Begin PBXBuildFile section */
		BF7CC7821A1B7D4700EA3A6B /* main.m in Sources */ = {isa = PBXBuildFile; fileRef = BF7CC7811A1B7D4700EA3A6B /* main.m */; };
		BF7CC7851A1B7D4700EA3A6B /* AppDelegate.m in Sources */ = {isa = PBXBuildFile; fileRef = BF7CC7841A1B7D4700EA3A6B /* AppDelegate.m */; };
		BF7CC7881A1B7D4700EA3A6B /* ViewController.m in Sources */ = {isa = PBXBuildFile; fileRef = BF7CC7871A1B7D4700EA3A6B /* ViewController.m */; };
		BF7CC78B1A1B7D4700EA3A6B /* Main.storyboard in Resources */ = {isa = PBXBuildFile; fileRef = BF7CC7891A1B7D4700EA3A6B /* Main.storyboard */; };
		BF7CC78D1A1B7D4700EA3A6B /* Images.xcassets in Resources */ = {isa = PBXBuildFile; fileRef = BF7CC78C1A1B7D4700EA3A6B /* Images.xcassets */; };
		BF7CC7901A1B7D4700EA3A6B /* LaunchScreen.xib in Resources */ = {isa = PBXBuildFile; fileRef = BF7CC78E1A1B7D4700EA3A6B /* LaunchScreen.xib */; };
		BF7CC79C1A1B7D4700EA3A6B /* Evil_HangmanTests.m in Sources */ = {isa = PBXBuildFile; fileRef = BF7CC79B1A1B7D4700EA3A6B /* Evil_HangmanTests.m */; };
		BFB3620A1A1CA8E000CFF732 /* SettingsViewController.m in Sources */ = {isa = PBXBuildFile; fileRef = BFB362091A1CA8E000CFF732 /* SettingsViewController.m */; };
		BFB3620D1A1CA92F00CFF732 /* GameViewController.m in Sources */ = {isa = PBXBuildFile; fileRef = BFB3620C1A1CA92F00CFF732 /* GameViewController.m */; };
/* End PBXBuildFile section */

/* Begin PBXContainerItemProxy section */
		BF7CC7961A1B7D4700EA3A6B /* PBXContainerItemProxy */ = {
			isa = PBXContainerItemProxy;
			containerPortal = BF7CC7741A1B7D4700EA3A6B /* Project object */;
			proxyType = 1;
			remoteGlobalIDString = BF7CC77B1A1B7D4700EA3A6B;
			remoteInfo = "Evil Hangman";
		};
/* End PBXContainerItemProxy section */

/* Begin PBXFileReference section */
		BF7CC77C1A1B7D4700EA3A6B /* Evil Hangman.app */ = {isa = PBXFileReference; explicitFileType = wrapper.application; includeInIndex = 0; path = "Evil Hangman.app"; sourceTree = BUILT_PRODUCTS_DIR; };
		BF7CC7801A1B7D4700EA3A6B /* Info.plist */ = {isa = PBXFileReference; lastKnownFileType = text.plist.xml; path = Info.plist; sourceTree = "<group>"; };
		BF7CC7811A1B7D4700EA3A6B /* main.m */ = {isa = PBXFileReference; lastKnownFileType = sourcecode.c.objc; path = main.m; sourceTree = "<group>"; };
		BF7CC7831A1B7D4700EA3A6B /* AppDelegate.h */ = {isa = PBXFileReference; lastKnownFileType = sourcecode.c.h; path = AppDelegate.h; sourceTree = "<group>"; };
		BF7CC7841A1B7D4700EA3A6B /* AppDelegate.m */ = {isa = PBXFileReference; lastKnownFileType = sourcecode.c.objc; path = AppDelegate.m; sourceTree = "<group>"; };
		BF7CC7861A1B7D4700EA3A6B /* ViewController.h */ = {isa = PBXFileReference; lastKnownFileType = sourcecode.c.h; path = ViewController.h; sourceTree = "<group>"; };
		BF7CC7871A1B7D4700EA3A6B /* ViewController.m */ = {isa = PBXFileReference; lastKnownFileType = sourcecode.c.objc; path = ViewController.m; sourceTree = "<group>"; };
		BF7CC78A1A1B7D4700EA3A6B /* Base */ = {isa = PBXFileReference; lastKnownFileType = file.storyboard; name = Base; path = Base.lproj/Main.storyboard; sourceTree = "<group>"; };
		BF7CC78C1A1B7D4700EA3A6B /* Images.xcassets */ = {isa = PBXFileReference; lastKnownFileType = folder.assetcatalog; path = Images.xcassets; sourceTree = "<group>"; };
		BF7CC78F1A1B7D4700EA3A6B /* Base */ = {isa = PBXFileReference; lastKnownFileType = file.xib; name = Base; path = Base.lproj/LaunchScreen.xib; sourceTree = "<group>"; };
		BF7CC7951A1B7D4700EA3A6B /* Evil HangmanTests.xctest */ = {isa = PBXFileReference; explicitFileType = wrapper.cfbundle; includeInIndex = 0; path = "Evil HangmanTests.xctest"; sourceTree = BUILT_PRODUCTS_DIR; };
		BF7CC79A1A1B7D4700EA3A6B /* Info.plist */ = {isa = PBXFileReference; lastKnownFileType = text.plist.xml; path = Info.plist; sourceTree = "<group>"; };
		BF7CC79B1A1B7D4700EA3A6B /* Evil_HangmanTests.m */ = {isa = PBXFileReference; lastKnownFileType = sourcecode.c.objc; path = Evil_HangmanTests.m; sourceTree = "<group>"; };
		BFB362081A1CA8E000CFF732 /* SettingsViewController.h */ = {isa = PBXFileReference; fileEncoding = 4; lastKnownFileType = sourcecode.c.h; path = SettingsViewController.h; sourceTree = "<group>"; };
		BFB362091A1CA8E000CFF732 /* SettingsViewController.m */ = {isa = PBXFileReference; fileEncoding = 4; lastKnownFileType = sourcecode.c.objc; path = SettingsViewController.m; sourceTree = "<group>"; };
		BFB3620B1A1CA92F00CFF732 /* GameViewController.h */ = {isa = PBXFileReference; fileEncoding = 4; lastKnownFileType = sourcecode.c.h; path = GameViewController.h; sourceTree = "<group>"; };
		BFB3620C1A1CA92F00CFF732 /* GameViewController.m */ = {isa = PBXFileReference; fileEncoding = 4; lastKnownFileType = sourcecode.c.objc; path = GameViewController.m; sourceTree = "<group>"; };
/* End PBXFileReference section */

/* Begin PBXFrameworksBuildPhase section */
		BF7CC7791A1B7D4700EA3A6B /* Frameworks */ = {
			isa = PBXFrameworksBuildPhase;
			buildActionMask = 2147483647;
			files = (
			);
			runOnlyForDeploymentPostprocessing = 0;
		};
		BF7CC7921A1B7D4700EA3A6B /* Frameworks */ = {
			isa = PBXFrameworksBuildPhase;
			buildActionMask = 2147483647;
			files = (
			);
			runOnlyForDeploymentPostprocessing = 0;
		};
/* End PBXFrameworksBuildPhase section */

/* Begin PBXGroup section */
		BF7CC7731A1B7D4700EA3A6B = {
			isa = PBXGroup;
			children = (
				BF7CC77E1A1B7D4700EA3A6B /* Evil Hangman */,
				BF7CC7981A1B7D4700EA3A6B /* Evil HangmanTests */,
				BF7CC77D1A1B7D4700EA3A6B /* Products */,
			);
			sourceTree = "<group>";
		};
		BF7CC77D1A1B7D4700EA3A6B /* Products */ = {
			isa = PBXGroup;
			children = (
				BF7CC77C1A1B7D4700EA3A6B /* Evil Hangman.app */,
				BF7CC7951A1B7D4700EA3A6B /* Evil HangmanTests.xctest */,
			);
			name = Products;
			sourceTree = "<group>";
		};
		BF7CC77E1A1B7D4700EA3A6B /* Evil Hangman */ = {
			isa = PBXGroup;
			children = (
				BF7CC7831A1B7D4700EA3A6B /* AppDelegate.h */,
				BF7CC7841A1B7D4700EA3A6B /* AppDelegate.m */,
				BF7CC7871A1B7D4700EA3A6B /* ViewController.m */,
				BF7CC7861A1B7D4700EA3A6B /* ViewController.h */,
				BFB362081A1CA8E000CFF732 /* SettingsViewController.h */,
				BFB362091A1CA8E000CFF732 /* SettingsViewController.m */,
				BFB3620B1A1CA92F00CFF732 /* GameViewController.h */,
				BFB3620C1A1CA92F00CFF732 /* GameViewController.m */,
				BF7CC7891A1B7D4700EA3A6B /* Main.storyboard */,
				BF7CC78C1A1B7D4700EA3A6B /* Images.xcassets */,
				BF7CC78E1A1B7D4700EA3A6B /* LaunchScreen.xib */,
				BF7CC77F1A1B7D4700EA3A6B /* Supporting Files */,
			);
			path = "Evil Hangman";
			sourceTree = "<group>";
		};
		BF7CC77F1A1B7D4700EA3A6B /* Supporting Files */ = {
			isa = PBXGroup;
			children = (
				BF7CC7801A1B7D4700EA3A6B /* Info.plist */,
				BF7CC7811A1B7D4700EA3A6B /* main.m */,
			);
			name = "Supporting Files";
			sourceTree = "<group>";
		};
		BF7CC7981A1B7D4700EA3A6B /* Evil HangmanTests */ = {
			isa = PBXGroup;
			children = (
				BF7CC79B1A1B7D4700EA3A6B /* Evil_HangmanTests.m */,
				BF7CC7991A1B7D4700EA3A6B /* Supporting Files */,
			);
			path = "Evil HangmanTests";
			sourceTree = "<group>";
		};
		BF7CC7991A1B7D4700EA3A6B /* Supporting Files */ = {
			isa = PBXGroup;
			children = (
				BF7CC79A1A1B7D4700EA3A6B /* Info.plist */,
			);
			name = "Supporting Files";
			sourceTree = "<group>";
		};
/* End PBXGroup section */

/* Begin PBXNativeTarget section */
		BF7CC77B1A1B7D4700EA3A6B /* Evil Hangman */ = {
			isa = PBXNativeTarget;
			buildConfigurationList = BF7CC79F1A1B7D4700EA3A6B /* Build configuration list for PBXNativeTarget "Evil Hangman" */;
			buildPhases = (
				BF7CC7781A1B7D4700EA3A6B /* Sources */,
				BF7CC7791A1B7D4700EA3A6B /* Frameworks */,
				BF7CC77A1A1B7D4700EA3A6B /* Resources */,
			);
			buildRules = (
			);
			dependencies = (
			);
			name = "Evil Hangman";
			productName = "Evil Hangman";
			productReference = BF7CC77C1A1B7D4700EA3A6B /* Evil Hangman.app */;
			productType = "com.apple.product-type.application";
		};
		BF7CC7941A1B7D4700EA3A6B /* Evil HangmanTests */ = {
			isa = PBXNativeTarget;
			buildConfigurationList = BF7CC7A21A1B7D4700EA3A6B /* Build configuration list for PBXNativeTarget "Evil HangmanTests" */;
			buildPhases = (
				BF7CC7911A1B7D4700EA3A6B /* Sources */,
				BF7CC7921A1B7D4700EA3A6B /* Frameworks */,
				BF7CC7931A1B7D4700EA3A6B /* Resources */,
			);
			buildRules = (
			);
			dependencies = (
				BF7CC7971A1B7D4700EA3A6B /* PBXTargetDependency */,
			);
			name = "Evil HangmanTests";
			productName = "Evil HangmanTests";
			productReference = BF7CC7951A1B7D4700EA3A6B /* Evil HangmanTests.xctest */;
			productType = "com.apple.product-type.bundle.unit-test";
		};
/* End PBXNativeTarget section */

/* Begin PBXProject section */
		BF7CC7741A1B7D4700EA3A6B /* Project object */ = {
			isa = PBXProject;
			attributes = {
				LastUpgradeCheck = 0610;
				ORGANIZATIONNAME = "Rick Buchter";
				TargetAttributes = {
					BF7CC77B1A1B7D4700EA3A6B = {
						CreatedOnToolsVersion = 6.1;
					};
					BF7CC7941A1B7D4700EA3A6B = {
						CreatedOnToolsVersion = 6.1;
						TestTargetID = BF7CC77B1A1B7D4700EA3A6B;
					};
				};
			};
			buildConfigurationList = BF7CC7771A1B7D4700EA3A6B /* Build configuration list for PBXProject "Evil Hangman" */;
			compatibilityVersion = "Xcode 3.2";
			developmentRegion = English;
			hasScannedForEncodings = 0;
			knownRegions = (
				en,
				Base,
			);
			mainGroup = BF7CC7731A1B7D4700EA3A6B;
			productRefGroup = BF7CC77D1A1B7D4700EA3A6B /* Products */;
			projectDirPath = "";
			projectRoot = "";
			targets = (
				BF7CC77B1A1B7D4700EA3A6B /* Evil Hangman */,
				BF7CC7941A1B7D4700EA3A6B /* Evil HangmanTests */,
			);
		};
/* End PBXProject section */

/* Begin PBXResourcesBuildPhase section */
		BF7CC77A1A1B7D4700EA3A6B /* Resources */ = {
			isa = PBXResourcesBuildPhase;
			buildActionMask = 2147483647;
			files = (
				BF7CC78B1A1B7D4700EA3A6B /* Main.storyboard in Resources */,
				BF7CC7901A1B7D4700EA3A6B /* LaunchScreen.xib in Resources */,
				BF7CC78D1A1B7D4700EA3A6B /* Images.xcassets in Resources */,
			);
			runOnlyForDeploymentPostprocessing = 0;
		};
		BF7CC7931A1B7D4700EA3A6B /* Resources */ = {
			isa = PBXResourcesBuildPhase;
			buildActionMask = 2147483647;
			files = (
			);
			runOnlyForDeploymentPostprocessing = 0;
		};
/* End PBXResourcesBuildPhase section */

/* Begin PBXSourcesBuildPhase section */
		BF7CC7781A1B7D4700EA3A6B /* Sources */ = {
			isa = PBXSourcesBuildPhase;
			buildActionMask = 2147483647;
			files = (
				BFB3620D1A1CA92F00CFF732 /* GameViewController.m in Sources */,
				BF7CC7881A1B7D4700EA3A6B /* ViewController.m in Sources */,
				BF7CC7851A1B7D4700EA3A6B /* AppDelegate.m in Sources */,
				BF7CC7821A1B7D4700EA3A6B /* main.m in Sources */,
				BFB3620A1A1CA8E000CFF732 /* SettingsViewController.m in Sources */,
			);
			runOnlyForDeploymentPostprocessing = 0;
		};
		BF7CC7911A1B7D4700EA3A6B /* Sources */ = {
			isa = PBXSourcesBuildPhase;
			buildActionMask = 2147483647;
			files = (
				BF7CC79C1A1B7D4700EA3A6B /* Evil_HangmanTests.m in Sources */,
			);
			runOnlyForDeploymentPostprocessing = 0;
		};
/* End PBXSourcesBuildPhase section */

/* Begin PBXTargetDependency section */
		BF7CC7971A1B7D4700EA3A6B /* PBXTargetDependency */ = {
			isa = PBXTargetDependency;
			target = BF7CC77B1A1B7D4700EA3A6B /* Evil Hangman */;
			targetProxy = BF7CC7961A1B7D4700EA3A6B /* PBXContainerItemProxy */;
		};
/* End PBXTargetDependency section */

/* Begin PBXVariantGroup section */
		BF7CC7891A1B7D4700EA3A6B /* Main.storyboard */ = {
			isa = PBXVariantGroup;
			children = (
				BF7CC78A1A1B7D4700EA3A6B /* Base */,
			);
			name = Main.storyboard;
			sourceTree = "<group>";
		};
		BF7CC78E1A1B7D4700EA3A6B /* LaunchScreen.xib */ = {
			isa = PBXVariantGroup;
			children = (
				BF7CC78F1A1B7D4700EA3A6B /* Base */,
			);
			name = LaunchScreen.xib;
			sourceTree = "<group>";
		};
/* End PBXVariantGroup section */

/* Begin XCBuildConfiguration section */
		BF7CC79D1A1B7D4700EA3A6B /* Debug */ = {
			isa = XCBuildConfiguration;
			buildSettings = {
				ALWAYS_SEARCH_USER_PATHS = NO;
				CLANG_CXX_LANGUAGE_STANDARD = "gnu++0x";
				CLANG_CXX_LIBRARY = "libc++";
				CLANG_ENABLE_MODULES = YES;
				CLANG_ENABLE_OBJC_ARC = YES;
				CLANG_WARN_BOOL_CONVERSION = YES;
				CLANG_WARN_CONSTANT_CONVERSION = YES;
				CLANG_WARN_DIRECT_OBJC_ISA_USAGE = YES_ERROR;
				CLANG_WARN_EMPTY_BODY = YES;
				CLANG_WARN_ENUM_CONVERSION = YES;
				CLANG_WARN_INT_CONVERSION = YES;
				CLANG_WARN_OBJC_ROOT_CLASS = YES_ERROR;
				CLANG_WARN_UNREACHABLE_CODE = YES;
				CLANG_WARN__DUPLICATE_METHOD_MATCH = YES;
				"CODE_SIGN_IDENTITY[sdk=iphoneos*]" = "iPhone Developer";
				COPY_PHASE_STRIP = NO;
				ENABLE_STRICT_OBJC_MSGSEND = YES;
				GCC_C_LANGUAGE_STANDARD = gnu99;
				GCC_DYNAMIC_NO_PIC = NO;
				GCC_OPTIMIZATION_LEVEL = 0;
				GCC_PREPROCESSOR_DEFINITIONS = (
					"DEBUG=1",
					"$(inherited)",
				);
				GCC_SYMBOLS_PRIVATE_EXTERN = NO;
				GCC_WARN_64_TO_32_BIT_CONVERSION = YES;
				GCC_WARN_ABOUT_RETURN_TYPE = YES_ERROR;
				GCC_WARN_UNDECLARED_SELECTOR = YES;
				GCC_WARN_UNINITIALIZED_AUTOS = YES_AGGRESSIVE;
				GCC_WARN_UNUSED_FUNCTION = YES;
				GCC_WARN_UNUSED_VARIABLE = YES;
				IPHONEOS_DEPLOYMENT_TARGET = 8.1;
				MTL_ENABLE_DEBUG_INFO = YES;
				ONLY_ACTIVE_ARCH = YES;
				SDKROOT = iphoneos;
			};
			name = Debug;
		};
		BF7CC79E1A1B7D4700EA3A6B /* Release */ = {
			isa = XCBuildConfiguration;
			buildSettings = {
				ALWAYS_SEARCH_USER_PATHS = NO;
				CLANG_CXX_LANGUAGE_STANDARD = "gnu++0x";
				CLANG_CXX_LIBRARY = "libc++";
				CLANG_ENABLE_MODULES = YES;
				CLANG_ENABLE_OBJC_ARC = YES;
				CLANG_WARN_BOOL_CONVERSION = YES;
				CLANG_WARN_CONSTANT_CONVERSION = YES;
				CLANG_WARN_DIRECT_OBJC_ISA_USAGE = YES_ERROR;
				CLANG_WARN_EMPTY_BODY = YES;
				CLANG_WARN_ENUM_CONVERSION = YES;
				CLANG_WARN_INT_CONVERSION = YES;
				CLANG_WARN_OBJC_ROOT_CLASS = YES_ERROR;
				CLANG_WARN_UNREACHABLE_CODE = YES;
				CLANG_WARN__DUPLICATE_METHOD_MATCH = YES;
				"CODE_SIGN_IDENTITY[sdk=iphoneos*]" = "iPhone Developer";
				COPY_PHASE_STRIP = YES;
				ENABLE_NS_ASSERTIONS = NO;
				ENABLE_STRICT_OBJC_MSGSEND = YES;
				GCC_C_LANGUAGE_STANDARD = gnu99;
				GCC_WARN_64_TO_32_BIT_CONVERSION = YES;
				GCC_WARN_ABOUT_RETURN_TYPE = YES_ERROR;
				GCC_WARN_UNDECLARED_SELECTOR = YES;
				GCC_WARN_UNINITIALIZED_AUTOS = YES_AGGRESSIVE;
				GCC_WARN_UNUSED_FUNCTION = YES;
				GCC_WARN_UNUSED_VARIABLE = YES;
				IPHONEOS_DEPLOYMENT_TARGET = 8.1;
				MTL_ENABLE_DEBUG_INFO = NO;
				SDKROOT = iphoneos;
				VALIDATE_PRODUCT = YES;
			};
			name = Release;
		};
		BF7CC7A01A1B7D4700EA3A6B /* Debug */ = {
			isa = XCBuildConfiguration;
			buildSettings = {
				ASSETCATALOG_COMPILER_APPICON_NAME = AppIcon;
				INFOPLIST_FILE = "Evil Hangman/Info.plist";
				LD_RUNPATH_SEARCH_PATHS = "$(inherited) @executable_path/Frameworks";
				PRODUCT_NAME = "$(TARGET_NAME)";
			};
			name = Debug;
		};
		BF7CC7A11A1B7D4700EA3A6B /* Release */ = {
			isa = XCBuildConfiguration;
			buildSettings = {
				ASSETCATALOG_COMPILER_APPICON_NAME = AppIcon;
				INFOPLIST_FILE = "Evil Hangman/Info.plist";
				LD_RUNPATH_SEARCH_PATHS = "$(inherited) @executable_path/Frameworks";
				PRODUCT_NAME = "$(TARGET_NAME)";
			};
			name = Release;
		};
		BF7CC7A31A1B7D4700EA3A6B /* Debug */ = {
			isa = XCBuildConfiguration;
			buildSettings = {
				BUNDLE_LOADER = "$(TEST_HOST)";
				FRAMEWORK_SEARCH_PATHS = (
					"$(SDKROOT)/Developer/Library/Frameworks",
					"$(inherited)",
				);
				GCC_PREPROCESSOR_DEFINITIONS = (
					"DEBUG=1",
					"$(inherited)",
				);
				INFOPLIST_FILE = "Evil HangmanTests/Info.plist";
				LD_RUNPATH_SEARCH_PATHS = "$(inherited) @executable_path/Frameworks @loader_path/Frameworks";
				PRODUCT_NAME = "$(TARGET_NAME)";
				TEST_HOST = "$(BUILT_PRODUCTS_DIR)/Evil Hangman.app/Evil Hangman";
			};
			name = Debug;
		};
		BF7CC7A41A1B7D4700EA3A6B /* Release */ = {
			isa = XCBuildConfiguration;
			buildSettings = {
				BUNDLE_LOADER = "$(TEST_HOST)";
				FRAMEWORK_SEARCH_PATHS = (
					"$(SDKROOT)/Developer/Library/Frameworks",
					"$(inherited)",
				);
				INFOPLIST_FILE = "Evil HangmanTests/Info.plist";
				LD_RUNPATH_SEARCH_PATHS = "$(inherited) @executable_path/Frameworks @loader_path/Frameworks";
				PRODUCT_NAME = "$(TARGET_NAME)";
				TEST_HOST = "$(BUILT_PRODUCTS_DIR)/Evil Hangman.app/Evil Hangman";
			};
			name = Release;
		};
/* End XCBuildConfiguration section */

/* Begin XCConfigurationList section */
		BF7CC7771A1B7D4700EA3A6B /* Build configuration list for PBXProject "Evil Hangman" */ = {
			isa = XCConfigurationList;
			buildConfigurations = (
				BF7CC79D1A1B7D4700EA3A6B /* Debug */,
				BF7CC79E1A1B7D4700EA3A6B /* Release */,
			);
			defaultConfigurationIsVisible = 0;
			defaultConfigurationName = Release;
		};
		BF7CC79F1A1B7D4700EA3A6B /* Build configuration list for PBXNativeTarget "Evil Hangman" */ = {
			isa = XCConfigurationList;
			buildConfigurations = (
				BF7CC7A01A1B7D4700EA3A6B /* Debug */,
				BF7CC7A11A1B7D4700EA3A6B /* Release */,
			);
			defaultConfigurationIsVisible = 0;
			defaultConfigurationName = Release;
		};
		BF7CC7A21A1B7D4700EA3A6B /* Build configuration list for PBXNativeTarget "Evil HangmanTests" */ = {
			isa = XCConfigurationList;
			buildConfigurations = (
				BF7CC7A31A1B7D4700EA3A6B /* Debug */,
				BF7CC7A41A1B7D4700EA3A6B /* Release */,
			);
			defaultConfigurationIsVisible = 0;
			defaultConfigurationName = Release;
		};
/* End XCConfigurationList section */
	};
	rootObject = BF7CC7741A1B7D4700EA3A6B /* Project object */;
}
