// !$*UTF8*$!
{
	archiveVersion = 1;
	classes = {
	};
	objectVersion = 46;
	objects = {

/* Begin PBXBuildFile section */
		BF740FA21A2350B000B5F7C5 /* main.m in Sources */ = {isa = PBXBuildFile; fileRef = BF740FA11A2350B000B5F7C5 /* main.m */; };
		BF740FA51A2350B000B5F7C5 /* AppDelegate.m in Sources */ = {isa = PBXBuildFile; fileRef = BF740FA41A2350B000B5F7C5 /* AppDelegate.m */; };
		BF740FA81A2350B000B5F7C5 /* ViewController.m in Sources */ = {isa = PBXBuildFile; fileRef = BF740FA71A2350B000B5F7C5 /* ViewController.m */; };
		BF740FAB1A2350B000B5F7C5 /* Main.storyboard in Resources */ = {isa = PBXBuildFile; fileRef = BF740FA91A2350B000B5F7C5 /* Main.storyboard */; };
		BF740FAD1A2350B000B5F7C5 /* Images.xcassets in Resources */ = {isa = PBXBuildFile; fileRef = BF740FAC1A2350B000B5F7C5 /* Images.xcassets */; };
		BF740FB01A2350B000B5F7C5 /* LaunchScreen.xib in Resources */ = {isa = PBXBuildFile; fileRef = BF740FAE1A2350B000B5F7C5 /* LaunchScreen.xib */; };
		BF740FBC1A2350B000B5F7C5 /* Evil_HangmanTests.m in Sources */ = {isa = PBXBuildFile; fileRef = BF740FBB1A2350B000B5F7C5 /* Evil_HangmanTests.m */; };
		BF740FC71A2350CE00B5F7C5 /* SettingsViewController.m in Sources */ = {isa = PBXBuildFile; fileRef = BF740FC61A2350CE00B5F7C5 /* SettingsViewController.m */; };
		BF740FCA1A2350F600B5F7C5 /* GameViewController.m in Sources */ = {isa = PBXBuildFile; fileRef = BF740FC91A2350F600B5F7C5 /* GameViewController.m */; };
/* End PBXBuildFile section */

/* Begin PBXContainerItemProxy section */
		BF740FB61A2350B000B5F7C5 /* PBXContainerItemProxy */ = {
			isa = PBXContainerItemProxy;
			containerPortal = BF740F941A2350B000B5F7C5 /* Project object */;
			proxyType = 1;
			remoteGlobalIDString = BF740F9B1A2350B000B5F7C5;
			remoteInfo = "Evil Hangman";
		};
/* End PBXContainerItemProxy section */

/* Begin PBXFileReference section */
		BF740F9C1A2350B000B5F7C5 /* Evil Hangman.app */ = {isa = PBXFileReference; explicitFileType = wrapper.application; includeInIndex = 0; path = "Evil Hangman.app"; sourceTree = BUILT_PRODUCTS_DIR; };
		BF740FA01A2350B000B5F7C5 /* Info.plist */ = {isa = PBXFileReference; lastKnownFileType = text.plist.xml; path = Info.plist; sourceTree = "<group>"; };
		BF740FA11A2350B000B5F7C5 /* main.m */ = {isa = PBXFileReference; lastKnownFileType = sourcecode.c.objc; path = main.m; sourceTree = "<group>"; };
		BF740FA31A2350B000B5F7C5 /* AppDelegate.h */ = {isa = PBXFileReference; lastKnownFileType = sourcecode.c.h; path = AppDelegate.h; sourceTree = "<group>"; };
		BF740FA41A2350B000B5F7C5 /* AppDelegate.m */ = {isa = PBXFileReference; lastKnownFileType = sourcecode.c.objc; path = AppDelegate.m; sourceTree = "<group>"; };
		BF740FA61A2350B000B5F7C5 /* ViewController.h */ = {isa = PBXFileReference; lastKnownFileType = sourcecode.c.h; path = ViewController.h; sourceTree = "<group>"; };
		BF740FA71A2350B000B5F7C5 /* ViewController.m */ = {isa = PBXFileReference; lastKnownFileType = sourcecode.c.objc; path = ViewController.m; sourceTree = "<group>"; };
		BF740FAA1A2350B000B5F7C5 /* Base */ = {isa = PBXFileReference; lastKnownFileType = file.storyboard; name = Base; path = Base.lproj/Main.storyboard; sourceTree = "<group>"; };
		BF740FAC1A2350B000B5F7C5 /* Images.xcassets */ = {isa = PBXFileReference; lastKnownFileType = folder.assetcatalog; path = Images.xcassets; sourceTree = "<group>"; };
		BF740FAF1A2350B000B5F7C5 /* Base */ = {isa = PBXFileReference; lastKnownFileType = file.xib; name = Base; path = Base.lproj/LaunchScreen.xib; sourceTree = "<group>"; };
		BF740FB51A2350B000B5F7C5 /* Evil HangmanTests.xctest */ = {isa = PBXFileReference; explicitFileType = wrapper.cfbundle; includeInIndex = 0; path = "Evil HangmanTests.xctest"; sourceTree = BUILT_PRODUCTS_DIR; };
		BF740FBA1A2350B000B5F7C5 /* Info.plist */ = {isa = PBXFileReference; lastKnownFileType = text.plist.xml; path = Info.plist; sourceTree = "<group>"; };
		BF740FBB1A2350B000B5F7C5 /* Evil_HangmanTests.m */ = {isa = PBXFileReference; lastKnownFileType = sourcecode.c.objc; path = Evil_HangmanTests.m; sourceTree = "<group>"; };
		BF740FC51A2350CE00B5F7C5 /* SettingsViewController.h */ = {isa = PBXFileReference; fileEncoding = 4; lastKnownFileType = sourcecode.c.h; name = SettingsViewController.h; path = ../SettingsViewController.h; sourceTree = "<group>"; };
		BF740FC61A2350CE00B5F7C5 /* SettingsViewController.m */ = {isa = PBXFileReference; fileEncoding = 4; lastKnownFileType = sourcecode.c.objc; name = SettingsViewController.m; path = ../SettingsViewController.m; sourceTree = "<group>"; };
		BF740FC81A2350F600B5F7C5 /* GameViewController.h */ = {isa = PBXFileReference; fileEncoding = 4; lastKnownFileType = sourcecode.c.h; path = GameViewController.h; sourceTree = SOURCE_ROOT; };
		BF740FC91A2350F600B5F7C5 /* GameViewController.m */ = {isa = PBXFileReference; fileEncoding = 4; lastKnownFileType = sourcecode.c.objc; path = GameViewController.m; sourceTree = SOURCE_ROOT; };
/* End PBXFileReference section */

/* Begin PBXFrameworksBuildPhase section */
		BF740F991A2350B000B5F7C5 /* Frameworks */ = {
			isa = PBXFrameworksBuildPhase;
			buildActionMask = 2147483647;
			files = (
			);
			runOnlyForDeploymentPostprocessing = 0;
		};
		BF740FB21A2350B000B5F7C5 /* Frameworks */ = {
			isa = PBXFrameworksBuildPhase;
			buildActionMask = 2147483647;
			files = (
			);
			runOnlyForDeploymentPostprocessing = 0;
		};
/* End PBXFrameworksBuildPhase section */

/* Begin PBXGroup section */
		BF740F931A2350B000B5F7C5 = {
			isa = PBXGroup;
			children = (
				BF740F9E1A2350B000B5F7C5 /* Evil Hangman */,
				BF740FB81A2350B000B5F7C5 /* Evil HangmanTests */,
				BF740F9D1A2350B000B5F7C5 /* Products */,
			);
			sourceTree = "<group>";
		};
		BF740F9D1A2350B000B5F7C5 /* Products */ = {
			isa = PBXGroup;
			children = (
				BF740F9C1A2350B000B5F7C5 /* Evil Hangman.app */,
				BF740FB51A2350B000B5F7C5 /* Evil HangmanTests.xctest */,
			);
			name = Products;
			sourceTree = "<group>";
		};
		BF740F9E1A2350B000B5F7C5 /* Evil Hangman */ = {
			isa = PBXGroup;
			children = (
				BF740FA31A2350B000B5F7C5 /* AppDelegate.h */,
				BF740FA41A2350B000B5F7C5 /* AppDelegate.m */,
				BF740FA61A2350B000B5F7C5 /* ViewController.h */,
				BF740FA71A2350B000B5F7C5 /* ViewController.m */,
				BF740FC81A2350F600B5F7C5 /* GameViewController.h */,
				BF740FC91A2350F600B5F7C5 /* GameViewController.m */,
				BF740FC51A2350CE00B5F7C5 /* SettingsViewController.h */,
				BF740FC61A2350CE00B5F7C5 /* SettingsViewController.m */,
				BF740FA91A2350B000B5F7C5 /* Main.storyboard */,
				BF740FAC1A2350B000B5F7C5 /* Images.xcassets */,
				BF740FAE1A2350B000B5F7C5 /* LaunchScreen.xib */,
				BF740F9F1A2350B000B5F7C5 /* Supporting Files */,
			);
			path = "Evil Hangman";
			sourceTree = "<group>";
		};
		BF740F9F1A2350B000B5F7C5 /* Supporting Files */ = {
			isa = PBXGroup;
			children = (
				BF740FA01A2350B000B5F7C5 /* Info.plist */,
				BF740FA11A2350B000B5F7C5 /* main.m */,
			);
			name = "Supporting Files";
			sourceTree = "<group>";
		};
		BF740FB81A2350B000B5F7C5 /* Evil HangmanTests */ = {
			isa = PBXGroup;
			children = (
				BF740FBB1A2350B000B5F7C5 /* Evil_HangmanTests.m */,
				BF740FB91A2350B000B5F7C5 /* Supporting Files */,
			);
			path = "Evil HangmanTests";
			sourceTree = "<group>";
		};
		BF740FB91A2350B000B5F7C5 /* Supporting Files */ = {
			isa = PBXGroup;
			children = (
				BF740FBA1A2350B000B5F7C5 /* Info.plist */,
			);
			name = "Supporting Files";
			sourceTree = "<group>";
		};
/* End PBXGroup section */

/* Begin PBXNativeTarget section */
		BF740F9B1A2350B000B5F7C5 /* Evil Hangman */ = {
			isa = PBXNativeTarget;
			buildConfigurationList = BF740FBF1A2350B000B5F7C5 /* Build configuration list for PBXNativeTarget "Evil Hangman" */;
			buildPhases = (
				BF740F981A2350B000B5F7C5 /* Sources */,
				BF740F991A2350B000B5F7C5 /* Frameworks */,
				BF740F9A1A2350B000B5F7C5 /* Resources */,
			);
			buildRules = (
			);
			dependencies = (
			);
			name = "Evil Hangman";
			productName = "Evil Hangman";
			productReference = BF740F9C1A2350B000B5F7C5 /* Evil Hangman.app */;
			productType = "com.apple.product-type.application";
		};
		BF740FB41A2350B000B5F7C5 /* Evil HangmanTests */ = {
			isa = PBXNativeTarget;
			buildConfigurationList = BF740FC21A2350B000B5F7C5 /* Build configuration list for PBXNativeTarget "Evil HangmanTests" */;
			buildPhases = (
				BF740FB11A2350B000B5F7C5 /* Sources */,
				BF740FB21A2350B000B5F7C5 /* Frameworks */,
				BF740FB31A2350B000B5F7C5 /* Resources */,
			);
			buildRules = (
			);
			dependencies = (
				BF740FB71A2350B000B5F7C5 /* PBXTargetDependency */,
			);
			name = "Evil HangmanTests";
			productName = "Evil HangmanTests";
			productReference = BF740FB51A2350B000B5F7C5 /* Evil HangmanTests.xctest */;
			productType = "com.apple.product-type.bundle.unit-test";
		};
/* End PBXNativeTarget section */

/* Begin PBXProject section */
		BF740F941A2350B000B5F7C5 /* Project object */ = {
			isa = PBXProject;
			attributes = {
				LastUpgradeCheck = 0610;
				ORGANIZATIONNAME = "Rick Buchter";
				TargetAttributes = {
					BF740F9B1A2350B000B5F7C5 = {
						CreatedOnToolsVersion = 6.1;
					};
					BF740FB41A2350B000B5F7C5 = {
						CreatedOnToolsVersion = 6.1;
						TestTargetID = BF740F9B1A2350B000B5F7C5;
					};
				};
			};
			buildConfigurationList = BF740F971A2350B000B5F7C5 /* Build configuration list for PBXProject "Evil Hangman" */;
			compatibilityVersion = "Xcode 3.2";
			developmentRegion = English;
			hasScannedForEncodings = 0;
			knownRegions = (
				en,
				Base,
			);
			mainGroup = BF740F931A2350B000B5F7C5;
			productRefGroup = BF740F9D1A2350B000B5F7C5 /* Products */;
			projectDirPath = "";
			projectRoot = "";
			targets = (
				BF740F9B1A2350B000B5F7C5 /* Evil Hangman */,
				BF740FB41A2350B000B5F7C5 /* Evil HangmanTests */,
			);
		};
/* End PBXProject section */

/* Begin PBXResourcesBuildPhase section */
		BF740F9A1A2350B000B5F7C5 /* Resources */ = {
			isa = PBXResourcesBuildPhase;
			buildActionMask = 2147483647;
			files = (
				BF740FAB1A2350B000B5F7C5 /* Main.storyboard in Resources */,
				BF740FB01A2350B000B5F7C5 /* LaunchScreen.xib in Resources */,
				BF740FAD1A2350B000B5F7C5 /* Images.xcassets in Resources */,
			);
			runOnlyForDeploymentPostprocessing = 0;
		};
		BF740FB31A2350B000B5F7C5 /* Resources */ = {
			isa = PBXResourcesBuildPhase;
			buildActionMask = 2147483647;
			files = (
			);
			runOnlyForDeploymentPostprocessing = 0;
		};
/* End PBXResourcesBuildPhase section */

/* Begin PBXSourcesBuildPhase section */
		BF740F981A2350B000B5F7C5 /* Sources */ = {
			isa = PBXSourcesBuildPhase;
			buildActionMask = 2147483647;
			files = (
				BF740FCA1A2350F600B5F7C5 /* GameViewController.m in Sources */,
				BF740FA81A2350B000B5F7C5 /* ViewController.m in Sources */,
				BF740FA51A2350B000B5F7C5 /* AppDelegate.m in Sources */,
				BF740FA21A2350B000B5F7C5 /* main.m in Sources */,
				BF740FC71A2350CE00B5F7C5 /* SettingsViewController.m in Sources */,
			);
			runOnlyForDeploymentPostprocessing = 0;
		};
		BF740FB11A2350B000B5F7C5 /* Sources */ = {
			isa = PBXSourcesBuildPhase;
			buildActionMask = 2147483647;
			files = (
				BF740FBC1A2350B000B5F7C5 /* Evil_HangmanTests.m in Sources */,
			);
			runOnlyForDeploymentPostprocessing = 0;
		};
/* End PBXSourcesBuildPhase section */

/* Begin PBXTargetDependency section */
		BF740FB71A2350B000B5F7C5 /* PBXTargetDependency */ = {
			isa = PBXTargetDependency;
			target = BF740F9B1A2350B000B5F7C5 /* Evil Hangman */;
			targetProxy = BF740FB61A2350B000B5F7C5 /* PBXContainerItemProxy */;
		};
/* End PBXTargetDependency section */

/* Begin PBXVariantGroup section */
		BF740FA91A2350B000B5F7C5 /* Main.storyboard */ = {
			isa = PBXVariantGroup;
			children = (
				BF740FAA1A2350B000B5F7C5 /* Base */,
			);
			name = Main.storyboard;
			sourceTree = "<group>";
		};
		BF740FAE1A2350B000B5F7C5 /* LaunchScreen.xib */ = {
			isa = PBXVariantGroup;
			children = (
				BF740FAF1A2350B000B5F7C5 /* Base */,
			);
			name = LaunchScreen.xib;
			sourceTree = "<group>";
		};
/* End PBXVariantGroup section */

/* Begin XCBuildConfiguration section */
		BF740FBD1A2350B000B5F7C5 /* Debug */ = {
			isa = XCBuildConfiguration;
			buildSettings = {
				ALWAYS_SEARCH_USER_PATHS = NO;
				CLANG_CXX_LANGUAGE_STANDARD = "gnu++0x";
				CLANG_CXX_LIBRARY = "libc++";
				CLANG_ENABLE_MODULES = YES;
				CLANG_ENABLE_OBJC_ARC = YES;
				CLANG_WARN_BOOL_CONVERSION = YES;
				CLANG_WARN_CONSTANT_CONVERSION = YES;
				CLANG_WARN_DIRECT_OBJC_ISA_USAGE = YES_ERROR;
				CLANG_WARN_EMPTY_BODY = YES;
				CLANG_WARN_ENUM_CONVERSION = YES;
				CLANG_WARN_INT_CONVERSION = YES;
				CLANG_WARN_OBJC_ROOT_CLASS = YES_ERROR;
				CLANG_WARN_UNREACHABLE_CODE = YES;
				CLANG_WARN__DUPLICATE_METHOD_MATCH = YES;
				"CODE_SIGN_IDENTITY[sdk=iphoneos*]" = "iPhone Developer";
				COPY_PHASE_STRIP = NO;
				ENABLE_STRICT_OBJC_MSGSEND = YES;
				GCC_C_LANGUAGE_STANDARD = gnu99;
				GCC_DYNAMIC_NO_PIC = NO;
				GCC_OPTIMIZATION_LEVEL = 0;
				GCC_PREPROCESSOR_DEFINITIONS = (
					"DEBUG=1",
					"$(inherited)",
				);
				GCC_SYMBOLS_PRIVATE_EXTERN = NO;
				GCC_WARN_64_TO_32_BIT_CONVERSION = YES;
				GCC_WARN_ABOUT_RETURN_TYPE = YES_ERROR;
				GCC_WARN_UNDECLARED_SELECTOR = YES;
				GCC_WARN_UNINITIALIZED_AUTOS = YES_AGGRESSIVE;
				GCC_WARN_UNUSED_FUNCTION = YES;
				GCC_WARN_UNUSED_VARIABLE = YES;
				IPHONEOS_DEPLOYMENT_TARGET = 8.1;
				MTL_ENABLE_DEBUG_INFO = YES;
				ONLY_ACTIVE_ARCH = YES;
				SDKROOT = iphoneos;
			};
			name = Debug;
		};
		BF740FBE1A2350B000B5F7C5 /* Release */ = {
			isa = XCBuildConfiguration;
			buildSettings = {
				ALWAYS_SEARCH_USER_PATHS = NO;
				CLANG_CXX_LANGUAGE_STANDARD = "gnu++0x";
				CLANG_CXX_LIBRARY = "libc++";
				CLANG_ENABLE_MODULES = YES;
				CLANG_ENABLE_OBJC_ARC = YES;
				CLANG_WARN_BOOL_CONVERSION = YES;
				CLANG_WARN_CONSTANT_CONVERSION = YES;
				CLANG_WARN_DIRECT_OBJC_ISA_USAGE = YES_ERROR;
				CLANG_WARN_EMPTY_BODY = YES;
				CLANG_WARN_ENUM_CONVERSION = YES;
				CLANG_WARN_INT_CONVERSION = YES;
				CLANG_WARN_OBJC_ROOT_CLASS = YES_ERROR;
				CLANG_WARN_UNREACHABLE_CODE = YES;
				CLANG_WARN__DUPLICATE_METHOD_MATCH = YES;
				"CODE_SIGN_IDENTITY[sdk=iphoneos*]" = "iPhone Developer";
				COPY_PHASE_STRIP = YES;
				ENABLE_NS_ASSERTIONS = NO;
				ENABLE_STRICT_OBJC_MSGSEND = YES;
				GCC_C_LANGUAGE_STANDARD = gnu99;
				GCC_WARN_64_TO_32_BIT_CONVERSION = YES;
				GCC_WARN_ABOUT_RETURN_TYPE = YES_ERROR;
				GCC_WARN_UNDECLARED_SELECTOR = YES;
				GCC_WARN_UNINITIALIZED_AUTOS = YES_AGGRESSIVE;
				GCC_WARN_UNUSED_FUNCTION = YES;
				GCC_WARN_UNUSED_VARIABLE = YES;
				IPHONEOS_DEPLOYMENT_TARGET = 8.1;
				MTL_ENABLE_DEBUG_INFO = NO;
				SDKROOT = iphoneos;
				VALIDATE_PRODUCT = YES;
			};
			name = Release;
		};
		BF740FC01A2350B000B5F7C5 /* Debug */ = {
			isa = XCBuildConfiguration;
			buildSettings = {
				ASSETCATALOG_COMPILER_APPICON_NAME = AppIcon;
				INFOPLIST_FILE = "Evil Hangman/Info.plist";
				LD_RUNPATH_SEARCH_PATHS = "$(inherited) @executable_path/Frameworks";
				PRODUCT_NAME = "$(TARGET_NAME)";
			};
			name = Debug;
		};
		BF740FC11A2350B000B5F7C5 /* Release */ = {
			isa = XCBuildConfiguration;
			buildSettings = {
				ASSETCATALOG_COMPILER_APPICON_NAME = AppIcon;
				INFOPLIST_FILE = "Evil Hangman/Info.plist";
				LD_RUNPATH_SEARCH_PATHS = "$(inherited) @executable_path/Frameworks";
				PRODUCT_NAME = "$(TARGET_NAME)";
			};
			name = Release;
		};
		BF740FC31A2350B000B5F7C5 /* Debug */ = {
			isa = XCBuildConfiguration;
			buildSettings = {
				BUNDLE_LOADER = "$(TEST_HOST)";
				FRAMEWORK_SEARCH_PATHS = (
					"$(SDKROOT)/Developer/Library/Frameworks",
					"$(inherited)",
				);
				GCC_PREPROCESSOR_DEFINITIONS = (
					"DEBUG=1",
					"$(inherited)",
				);
				INFOPLIST_FILE = "Evil HangmanTests/Info.plist";
				LD_RUNPATH_SEARCH_PATHS = "$(inherited) @executable_path/Frameworks @loader_path/Frameworks";
				PRODUCT_NAME = "$(TARGET_NAME)";
				TEST_HOST = "$(BUILT_PRODUCTS_DIR)/Evil Hangman.app/Evil Hangman";
			};
			name = Debug;
		};
		BF740FC41A2350B000B5F7C5 /* Release */ = {
			isa = XCBuildConfiguration;
			buildSettings = {
				BUNDLE_LOADER = "$(TEST_HOST)";
				FRAMEWORK_SEARCH_PATHS = (
					"$(SDKROOT)/Developer/Library/Frameworks",
					"$(inherited)",
				);
				INFOPLIST_FILE = "Evil HangmanTests/Info.plist";
				LD_RUNPATH_SEARCH_PATHS = "$(inherited) @executable_path/Frameworks @loader_path/Frameworks";
				PRODUCT_NAME = "$(TARGET_NAME)";
				TEST_HOST = "$(BUILT_PRODUCTS_DIR)/Evil Hangman.app/Evil Hangman";
			};
			name = Release;
		};
/* End XCBuildConfiguration section */

/* Begin XCConfigurationList section */
		BF740F971A2350B000B5F7C5 /* Build configuration list for PBXProject "Evil Hangman" */ = {
			isa = XCConfigurationList;
			buildConfigurations = (
				BF740FBD1A2350B000B5F7C5 /* Debug */,
				BF740FBE1A2350B000B5F7C5 /* Release */,
			);
			defaultConfigurationIsVisible = 0;
			defaultConfigurationName = Release;
		};
		BF740FBF1A2350B000B5F7C5 /* Build configuration list for PBXNativeTarget "Evil Hangman" */ = {
			isa = XCConfigurationList;
			buildConfigurations = (
				BF740FC01A2350B000B5F7C5 /* Debug */,
				BF740FC11A2350B000B5F7C5 /* Release */,
			);
			defaultConfigurationIsVisible = 0;
		};
		BF740FC21A2350B000B5F7C5 /* Build configuration list for PBXNativeTarget "Evil HangmanTests" */ = {
			isa = XCConfigurationList;
			buildConfigurations = (
				BF740FC31A2350B000B5F7C5 /* Debug */,
				BF740FC41A2350B000B5F7C5 /* Release */,
			);
			defaultConfigurationIsVisible = 0;
		};
/* End XCConfigurationList section */
	};
	rootObject = BF740F941A2350B000B5F7C5 /* Project object */;
}
